// !$*UTF8*$!
{
	archiveVersion = 1;
	classes = {
	};
	objectVersion = 48;
	objects = {

/* Begin PBXBuildFile section */
		DE1CCAE01E81678E008CA0DB /* FlickrPhotoSelectViewController.swift in Sources */ = {isa = PBXBuildFile; fileRef = DE1CCADF1E81678E008CA0DB /* FlickrPhotoSelectViewController.swift */; };
		DE7D5FD71E65B74000EBFEB7 /* FlickrHelperMethodes.swift in Sources */ = {isa = PBXBuildFile; fileRef = DE7D5FD61E65B74000EBFEB7 /* FlickrHelperMethodes.swift */; };
		DE7D5FD91E65B84D00EBFEB7 /* FlickrConstants.swift in Sources */ = {isa = PBXBuildFile; fileRef = DE7D5FD81E65B84D00EBFEB7 /* FlickrConstants.swift */; };
		DE7D5FDB1E6624D500EBFEB7 /* FlickrHmacMethodes.swift in Sources */ = {isa = PBXBuildFile; fileRef = DE7D5FDA1E6624D500EBFEB7 /* FlickrHmacMethodes.swift */; };
		DE7D5FDD1E66C5B400EBFEB7 /* flickrRestFullAPI.swift in Sources */ = {isa = PBXBuildFile; fileRef = DE7D5FDC1E66C5B400EBFEB7 /* flickrRestFullAPI.swift */; };
		DE7D5FDF1E6873A400EBFEB7 /* FlickrRestFullBaseAPIManager.swift in Sources */ = {isa = PBXBuildFile; fileRef = DE7D5FDE1E6873A400EBFEB7 /* FlickrRestFullBaseAPIManager.swift */; };
		DEA0619B1E8D0CB80019470A /* FlickrTablePhotoSelectViewProtocol.swift in Sources */ = {isa = PBXBuildFile; fileRef = DEA0619A1E8D0CB80019470A /* FlickrTablePhotoSelectViewProtocol.swift */; };
		DEA0619F1E8D0F480019470A /* TablePhotoCarStateManager.swift in Sources */ = {isa = PBXBuildFile; fileRef = DEA0619E1E8D0F480019470A /* TablePhotoCarStateManager.swift */; };
		DEA061A41E8D0FE80019470A /* TablePhotoPlaneStateManager.swift in Sources */ = {isa = PBXBuildFile; fileRef = DEA061A31E8D0FE80019470A /* TablePhotoPlaneStateManager.swift */; };
		DEA061A61E8D10120019470A /* TablePhotoBikeStateManager.swift in Sources */ = {isa = PBXBuildFile; fileRef = DEA061A51E8D10120019470A /* TablePhotoBikeStateManager.swift */; };
		DEA061A81E8D10400019470A /* TablePhotoBaseStateManager.swift in Sources */ = {isa = PBXBuildFile; fileRef = DEA061A71E8D10400019470A /* TablePhotoBaseStateManager.swift */; };
		DEA061AA1E8D114D0019470A /* FlickrTablePhotoSelectViewStateManagerProtocol.swift in Sources */ = {isa = PBXBuildFile; fileRef = DEA061A91E8D114D0019470A /* FlickrTablePhotoSelectViewStateManagerProtocol.swift */; };
		DEC24E6F1E7BE63600A9A2C3 /* FlickrImageAPI.swift in Sources */ = {isa = PBXBuildFile; fileRef = DEC24E6E1E7BE63600A9A2C3 /* FlickrImageAPI.swift */; };
		DEC24E721E7F35D700A9A2C3 /* FlickrLoggingTestAPI.swift in Sources */ = {isa = PBXBuildFile; fileRef = DEC24E711E7F35D700A9A2C3 /* FlickrLoggingTestAPI.swift */; };
		DED5B17B1E78313A006296EF /* FlickrUserAuthenticationView.swift in Sources */ = {isa = PBXBuildFile; fileRef = DED5B17A1E78313A006296EF /* FlickrUserAuthenticationView.swift */; };
		DED5B1851E796EAB006296EF /* FlickrSessionAuthorization.swift in Sources */ = {isa = PBXBuildFile; fileRef = DED5B1841E796EAB006296EF /* FlickrSessionAuthorization.swift */; };
		DEE50D261E6EF71F00A64C9B /* FlickrHelperStructures.swift in Sources */ = {isa = PBXBuildFile; fileRef = DEE50D251E6EF71F00A64C9B /* FlickrHelperStructures.swift */; };
		DEE50D2F1E6EF7FE00A64C9B /* FlickrHelperTypeAlias.swift in Sources */ = {isa = PBXBuildFile; fileRef = DEE50D2E1E6EF7FE00A64C9B /* FlickrHelperTypeAlias.swift */; };
		DEE53C461E852117004F044E /* flickrPhotoLoadingSpinner.swift in Sources */ = {isa = PBXBuildFile; fileRef = DEE53C451E852117004F044E /* flickrPhotoLoadingSpinner.swift */; };
		DEE53C4B1E8AB467004F044E /* FlickrTablePhotoSelectViewCell.swift in Sources */ = {isa = PBXBuildFile; fileRef = DEE53C4A1E8AB467004F044E /* FlickrTablePhotoSelectViewCell.swift */; };
		DEE919E11E7AA35000CC741A /* FlickrPhotoViewController.swift in Sources */ = {isa = PBXBuildFile; fileRef = DEE919E01E7AA35000CC741A /* FlickrPhotoViewController.swift */; };
		DEEDA6361E8D1E3F003D5933 /* FlickrTablePhotoSelectViewController.swift in Sources */ = {isa = PBXBuildFile; fileRef = DEEDA6351E8D1E3F003D5933 /* FlickrTablePhotoSelectViewController.swift */; };
		DEEF1F591E5F3D23009D49B4 /* AppDelegate.swift in Sources */ = {isa = PBXBuildFile; fileRef = DEEF1F581E5F3D23009D49B4 /* AppDelegate.swift */; };
		DEEF1F5B1E5F3D23009D49B4 /* FlickrMainView.swift in Sources */ = {isa = PBXBuildFile; fileRef = DEEF1F5A1E5F3D23009D49B4 /* FlickrMainView.swift */; };
		DEEF1F601E5F3D23009D49B4 /* Assets.xcassets in Resources */ = {isa = PBXBuildFile; fileRef = DEEF1F5F1E5F3D23009D49B4 /* Assets.xcassets */; };
		DEEF1F631E5F3D23009D49B4 /* LaunchScreen.storyboard in Resources */ = {isa = PBXBuildFile; fileRef = DEEF1F611E5F3D23009D49B4 /* LaunchScreen.storyboard */; };
		DEEF1F6E1E5F3D23009D49B4 /* RESTfull_ExampleTests.swift in Sources */ = {isa = PBXBuildFile; fileRef = DEEF1F6D1E5F3D23009D49B4 /* RESTfull_ExampleTests.swift */; };
		DEEF1F791E5F3D23009D49B4 /* RESTfull_ExampleUITests.swift in Sources */ = {isa = PBXBuildFile; fileRef = DEEF1F781E5F3D23009D49B4 /* RESTfull_ExampleUITests.swift */; };
		DEF2245E1E65841100FB01AB /* test.m in Sources */ = {isa = PBXBuildFile; fileRef = DEF2245D1E65841100FB01AB /* test.m */; };
		DEF30FBD1E97C7C90089911D /* Main.storyboard in Resources */ = {isa = PBXBuildFile; fileRef = DEF30FBB1E97C7C90089911D /* Main.storyboard */; };
		DEFDF3511E92586B002EB178 /* FlickrPhotoSelectViewReturnProtocol.swift in Sources */ = {isa = PBXBuildFile; fileRef = DEFDF3501E92586B002EB178 /* FlickrPhotoSelectViewReturnProtocol.swift */; };
/* End PBXBuildFile section */

/* Begin PBXContainerItemProxy section */
		DEEF1F6A1E5F3D23009D49B4 /* PBXContainerItemProxy */ = {
			isa = PBXContainerItemProxy;
			containerPortal = DEEF1F4D1E5F3D23009D49B4 /* Project object */;
			proxyType = 1;
			remoteGlobalIDString = DEEF1F541E5F3D23009D49B4;
			remoteInfo = RESTfull_Example;
		};
		DEEF1F751E5F3D23009D49B4 /* PBXContainerItemProxy */ = {
			isa = PBXContainerItemProxy;
			containerPortal = DEEF1F4D1E5F3D23009D49B4 /* Project object */;
			proxyType = 1;
			remoteGlobalIDString = DEEF1F541E5F3D23009D49B4;
			remoteInfo = RESTfull_Example;
		};
/* End PBXContainerItemProxy section */

/* Begin PBXCopyFilesBuildPhase section */
		DEF224551E643F7A00FB01AB /* Embed Frameworks */ = {
			isa = PBXCopyFilesBuildPhase;
			buildActionMask = 2147483647;
			dstPath = "";
			dstSubfolderSpec = 10;
			files = (
			);
			name = "Embed Frameworks";
			runOnlyForDeploymentPostprocessing = 0;
		};
/* End PBXCopyFilesBuildPhase section */

/* Begin PBXFileReference section */
		DE1CCADF1E81678E008CA0DB /* FlickrPhotoSelectViewController.swift */ = {isa = PBXFileReference; fileEncoding = 4; lastKnownFileType = sourcecode.swift; path = FlickrPhotoSelectViewController.swift; sourceTree = "<group>"; };
		DE7D5FD61E65B74000EBFEB7 /* FlickrHelperMethodes.swift */ = {isa = PBXFileReference; fileEncoding = 4; lastKnownFileType = sourcecode.swift; path = FlickrHelperMethodes.swift; sourceTree = "<group>"; };
		DE7D5FD81E65B84D00EBFEB7 /* FlickrConstants.swift */ = {isa = PBXFileReference; fileEncoding = 4; lastKnownFileType = sourcecode.swift; path = FlickrConstants.swift; sourceTree = "<group>"; };
		DE7D5FDA1E6624D500EBFEB7 /* FlickrHmacMethodes.swift */ = {isa = PBXFileReference; fileEncoding = 4; lastKnownFileType = sourcecode.swift; path = FlickrHmacMethodes.swift; sourceTree = "<group>"; };
		DE7D5FDC1E66C5B400EBFEB7 /* flickrRestFullAPI.swift */ = {isa = PBXFileReference; fileEncoding = 4; lastKnownFileType = sourcecode.swift; path = flickrRestFullAPI.swift; sourceTree = "<group>"; };
		DE7D5FDE1E6873A400EBFEB7 /* FlickrRestFullBaseAPIManager.swift */ = {isa = PBXFileReference; fileEncoding = 4; lastKnownFileType = sourcecode.swift; path = FlickrRestFullBaseAPIManager.swift; sourceTree = "<group>"; };
		DEA0619A1E8D0CB80019470A /* FlickrTablePhotoSelectViewProtocol.swift */ = {isa = PBXFileReference; fileEncoding = 4; lastKnownFileType = sourcecode.swift; path = FlickrTablePhotoSelectViewProtocol.swift; sourceTree = "<group>"; };
		DEA0619E1E8D0F480019470A /* TablePhotoCarStateManager.swift */ = {isa = PBXFileReference; fileEncoding = 4; lastKnownFileType = sourcecode.swift; path = TablePhotoCarStateManager.swift; sourceTree = "<group>"; };
		DEA061A31E8D0FE80019470A /* TablePhotoPlaneStateManager.swift */ = {isa = PBXFileReference; fileEncoding = 4; lastKnownFileType = sourcecode.swift; path = TablePhotoPlaneStateManager.swift; sourceTree = "<group>"; };
		DEA061A51E8D10120019470A /* TablePhotoBikeStateManager.swift */ = {isa = PBXFileReference; fileEncoding = 4; lastKnownFileType = sourcecode.swift; path = TablePhotoBikeStateManager.swift; sourceTree = "<group>"; };
		DEA061A71E8D10400019470A /* TablePhotoBaseStateManager.swift */ = {isa = PBXFileReference; fileEncoding = 4; lastKnownFileType = sourcecode.swift; path = TablePhotoBaseStateManager.swift; sourceTree = "<group>"; };
		DEA061A91E8D114D0019470A /* FlickrTablePhotoSelectViewStateManagerProtocol.swift */ = {isa = PBXFileReference; fileEncoding = 4; lastKnownFileType = sourcecode.swift; path = FlickrTablePhotoSelectViewStateManagerProtocol.swift; sourceTree = "<group>"; };
		DEC24E6E1E7BE63600A9A2C3 /* FlickrImageAPI.swift */ = {isa = PBXFileReference; fileEncoding = 4; lastKnownFileType = sourcecode.swift; path = FlickrImageAPI.swift; sourceTree = "<group>"; };
		DEC24E711E7F35D700A9A2C3 /* FlickrLoggingTestAPI.swift */ = {isa = PBXFileReference; fileEncoding = 4; lastKnownFileType = sourcecode.swift; path = FlickrLoggingTestAPI.swift; sourceTree = "<group>"; };
		DED5B17A1E78313A006296EF /* FlickrUserAuthenticationView.swift */ = {isa = PBXFileReference; fileEncoding = 4; lastKnownFileType = sourcecode.swift; path = FlickrUserAuthenticationView.swift; sourceTree = "<group>"; };
		DED5B1841E796EAB006296EF /* FlickrSessionAuthorization.swift */ = {isa = PBXFileReference; fileEncoding = 4; lastKnownFileType = sourcecode.swift; path = FlickrSessionAuthorization.swift; sourceTree = "<group>"; };
		DEE50D251E6EF71F00A64C9B /* FlickrHelperStructures.swift */ = {isa = PBXFileReference; fileEncoding = 4; lastKnownFileType = sourcecode.swift; path = FlickrHelperStructures.swift; sourceTree = "<group>"; };
		DEE50D2E1E6EF7FE00A64C9B /* FlickrHelperTypeAlias.swift */ = {isa = PBXFileReference; fileEncoding = 4; lastKnownFileType = sourcecode.swift; path = FlickrHelperTypeAlias.swift; sourceTree = "<group>"; };
		DEE53C451E852117004F044E /* flickrPhotoLoadingSpinner.swift */ = {isa = PBXFileReference; fileEncoding = 4; lastKnownFileType = sourcecode.swift; path = flickrPhotoLoadingSpinner.swift; sourceTree = "<group>"; };
		DEE53C4A1E8AB467004F044E /* FlickrTablePhotoSelectViewCell.swift */ = {isa = PBXFileReference; fileEncoding = 4; lastKnownFileType = sourcecode.swift; path = FlickrTablePhotoSelectViewCell.swift; sourceTree = "<group>"; };
		DEE919E01E7AA35000CC741A /* FlickrPhotoViewController.swift */ = {isa = PBXFileReference; fileEncoding = 4; lastKnownFileType = sourcecode.swift; path = FlickrPhotoViewController.swift; sourceTree = "<group>"; };
		DEEDA6351E8D1E3F003D5933 /* FlickrTablePhotoSelectViewController.swift */ = {isa = PBXFileReference; fileEncoding = 4; lastKnownFileType = sourcecode.swift; path = FlickrTablePhotoSelectViewController.swift; sourceTree = "<group>"; };
		DEEF1F551E5F3D23009D49B4 /* RESTfull_Example.app */ = {isa = PBXFileReference; explicitFileType = wrapper.application; includeInIndex = 0; path = RESTfull_Example.app; sourceTree = BUILT_PRODUCTS_DIR; };
		DEEF1F581E5F3D23009D49B4 /* AppDelegate.swift */ = {isa = PBXFileReference; lastKnownFileType = sourcecode.swift; path = AppDelegate.swift; sourceTree = "<group>"; };
		DEEF1F5A1E5F3D23009D49B4 /* FlickrMainView.swift */ = {isa = PBXFileReference; lastKnownFileType = sourcecode.swift; path = FlickrMainView.swift; sourceTree = "<group>"; };
		DEEF1F5F1E5F3D23009D49B4 /* Assets.xcassets */ = {isa = PBXFileReference; lastKnownFileType = folder.assetcatalog; path = Assets.xcassets; sourceTree = "<group>"; };
		DEEF1F621E5F3D23009D49B4 /* Base */ = {isa = PBXFileReference; lastKnownFileType = file.storyboard; name = Base; path = Base.lproj/LaunchScreen.storyboard; sourceTree = "<group>"; };
		DEEF1F641E5F3D23009D49B4 /* Info.plist */ = {isa = PBXFileReference; lastKnownFileType = text.plist.xml; path = Info.plist; sourceTree = "<group>"; };
		DEEF1F691E5F3D23009D49B4 /* RESTfull_ExampleTests.xctest */ = {isa = PBXFileReference; explicitFileType = wrapper.cfbundle; includeInIndex = 0; path = RESTfull_ExampleTests.xctest; sourceTree = BUILT_PRODUCTS_DIR; };
		DEEF1F6D1E5F3D23009D49B4 /* RESTfull_ExampleTests.swift */ = {isa = PBXFileReference; lastKnownFileType = sourcecode.swift; path = RESTfull_ExampleTests.swift; sourceTree = "<group>"; };
		DEEF1F6F1E5F3D23009D49B4 /* Info.plist */ = {isa = PBXFileReference; lastKnownFileType = text.plist.xml; path = Info.plist; sourceTree = "<group>"; };
		DEEF1F741E5F3D23009D49B4 /* RESTfull_ExampleUITests.xctest */ = {isa = PBXFileReference; explicitFileType = wrapper.cfbundle; includeInIndex = 0; path = RESTfull_ExampleUITests.xctest; sourceTree = BUILT_PRODUCTS_DIR; };
		DEEF1F781E5F3D23009D49B4 /* RESTfull_ExampleUITests.swift */ = {isa = PBXFileReference; lastKnownFileType = sourcecode.swift; path = RESTfull_ExampleUITests.swift; sourceTree = "<group>"; };
		DEEF1F7A1E5F3D23009D49B4 /* Info.plist */ = {isa = PBXFileReference; lastKnownFileType = text.plist.xml; path = Info.plist; sourceTree = "<group>"; };
		DEF2245D1E65841100FB01AB /* test.m */ = {isa = PBXFileReference; fileEncoding = 4; lastKnownFileType = sourcecode.c.objc; path = test.m; sourceTree = "<group>"; };
		DEF2245F1E658F4600FB01AB /* BridgingHeader-RESTfull_Example.h */ = {isa = PBXFileReference; lastKnownFileType = sourcecode.c.h; path = "BridgingHeader-RESTfull_Example.h"; sourceTree = "<group>"; };
		DEF30FBC1E97C7C90089911D /* Base */ = {isa = PBXFileReference; lastKnownFileType = file.storyboard; name = Base; path = Base.lproj/Main.storyboard; sourceTree = "<group>"; };
		DEFDF3501E92586B002EB178 /* FlickrPhotoSelectViewReturnProtocol.swift */ = {isa = PBXFileReference; fileEncoding = 4; lastKnownFileType = sourcecode.swift; path = FlickrPhotoSelectViewReturnProtocol.swift; sourceTree = "<group>"; };
/* End PBXFileReference section */

/* Begin PBXFrameworksBuildPhase section */
		DEEF1F521E5F3D23009D49B4 /* Frameworks */ = {
			isa = PBXFrameworksBuildPhase;
			buildActionMask = 2147483647;
			files = (
			);
			runOnlyForDeploymentPostprocessing = 0;
		};
		DEEF1F661E5F3D23009D49B4 /* Frameworks */ = {
			isa = PBXFrameworksBuildPhase;
			buildActionMask = 2147483647;
			files = (
			);
			runOnlyForDeploymentPostprocessing = 0;
		};
		DEEF1F711E5F3D23009D49B4 /* Frameworks */ = {
			isa = PBXFrameworksBuildPhase;
			buildActionMask = 2147483647;
			files = (
			);
			runOnlyForDeploymentPostprocessing = 0;
		};
/* End PBXFrameworksBuildPhase section */

/* Begin PBXGroup section */
		DE1CCAD41E816443008CA0DB /* Controller */ = {
			isa = PBXGroup;
			children = (
				DEE53C471E8AB043004F044E /* FlickrTablePhotoSelectViewController */,
				DE1CCAE11E8177A2008CA0DB /* FlickrPhotoViewController */,
				DEEF1F5A1E5F3D23009D49B4 /* FlickrMainView.swift */,
				DED5B17A1E78313A006296EF /* FlickrUserAuthenticationView.swift */,
				DE1CCADF1E81678E008CA0DB /* FlickrPhotoSelectViewController.swift */,
				DEE53C451E852117004F044E /* flickrPhotoLoadingSpinner.swift */,
			);
			name = Controller;
			sourceTree = "<group>";
		};
		DE1CCAE11E8177A2008CA0DB /* FlickrPhotoViewController */ = {
			isa = PBXGroup;
			children = (
				DEE919E01E7AA35000CC741A /* FlickrPhotoViewController.swift */,
			);
			name = FlickrPhotoViewController;
			sourceTree = "<group>";
		};
		DE7D5FD51E65B72800EBFEB7 /* Helper */ = {
			isa = PBXGroup;
			children = (
				DE7D5FD61E65B74000EBFEB7 /* FlickrHelperMethodes.swift */,
				DEE50D251E6EF71F00A64C9B /* FlickrHelperStructures.swift */,
				DE7D5FD81E65B84D00EBFEB7 /* FlickrConstants.swift */,
				DE7D5FDA1E6624D500EBFEB7 /* FlickrHmacMethodes.swift */,
				DEE50D2E1E6EF7FE00A64C9B /* FlickrHelperTypeAlias.swift */,
			);
			name = Helper;
			sourceTree = "<group>";
		};
		DEA061921E8D0C990019470A /* Protocol */ = {
			isa = PBXGroup;
			children = (
				DEFDF3501E92586B002EB178 /* FlickrPhotoSelectViewReturnProtocol.swift */,
				DEA0619A1E8D0CB80019470A /* FlickrTablePhotoSelectViewProtocol.swift */,
				DEA061A91E8D114D0019470A /* FlickrTablePhotoSelectViewStateManagerProtocol.swift */,
			);
			name = Protocol;
			sourceTree = "<group>";
		};
		DEA0619C1E8D0EF40019470A /* StateManager */ = {
			isa = PBXGroup;
			children = (
				DEA061A71E8D10400019470A /* TablePhotoBaseStateManager.swift */,
				DEA061A01E8D0F920019470A /* CarTableStateManager */,
				DEA061A11E8D0FA20019470A /* PlaneTableStateManager */,
				DEA061A21E8D0FBB0019470A /* BikeTableStateManager */,
			);
			name = StateManager;
			sourceTree = "<group>";
		};
		DEA061A01E8D0F920019470A /* CarTableStateManager */ = {
			isa = PBXGroup;
			children = (
				DEA0619E1E8D0F480019470A /* TablePhotoCarStateManager.swift */,
			);
			name = CarTableStateManager;
			sourceTree = "<group>";
		};
		DEA061A11E8D0FA20019470A /* PlaneTableStateManager */ = {
			isa = PBXGroup;
			children = (
				DEA061A31E8D0FE80019470A /* TablePhotoPlaneStateManager.swift */,
			);
			name = PlaneTableStateManager;
			sourceTree = "<group>";
		};
		DEA061A21E8D0FBB0019470A /* BikeTableStateManager */ = {
			isa = PBXGroup;
			children = (
				DEA061A51E8D10120019470A /* TablePhotoBikeStateManager.swift */,
			);
			name = BikeTableStateManager;
			sourceTree = "<group>";
		};
		DEC24E661E7BE61200A9A2C3 /* FlickImageAPI */ = {
			isa = PBXGroup;
			children = (
				DEC24E6E1E7BE63600A9A2C3 /* FlickrImageAPI.swift */,
			);
			name = FlickImageAPI;
			sourceTree = "<group>";
		};
		DEC24E701E7F35B300A9A2C3 /* FlickrLoggingTestAPI */ = {
			isa = PBXGroup;
			children = (
				DEC24E711E7F35D700A9A2C3 /* FlickrLoggingTestAPI.swift */,
			);
			name = FlickrLoggingTestAPI;
			sourceTree = "<group>";
		};
		DED5B1831E796E67006296EF /* Session */ = {
			isa = PBXGroup;
			children = (
				DED5B1841E796EAB006296EF /* FlickrSessionAuthorization.swift */,
			);
			name = Session;
			sourceTree = "<group>";
		};
		DEE50D301E705DCF00A64C9B /* FlickrOauthAPI */ = {
			isa = PBXGroup;
			children = (
				DE7D5FDC1E66C5B400EBFEB7 /* flickrRestFullAPI.swift */,
			);
			name = FlickrOauthAPI;
			sourceTree = "<group>";
		};
		DEE53C471E8AB043004F044E /* FlickrTablePhotoSelectViewController */ = {
			isa = PBXGroup;
			children = (
				DEE53C4A1E8AB467004F044E /* FlickrTablePhotoSelectViewCell.swift */,
				DEEDA6351E8D1E3F003D5933 /* FlickrTablePhotoSelectViewController.swift */,
				DEA0619C1E8D0EF40019470A /* StateManager */,
				DEA061921E8D0C990019470A /* Protocol */,
			);
			name = FlickrTablePhotoSelectViewController;
			sourceTree = "<group>";
		};
		DEEF1F4C1E5F3D23009D49B4 = {
			isa = PBXGroup;
			children = (
				DEEF1F571E5F3D23009D49B4 /* RESTfull_Example */,
				DEEF1F6C1E5F3D23009D49B4 /* RESTfull_ExampleTests */,
				DEEF1F771E5F3D23009D49B4 /* RESTfull_ExampleUITests */,
				DEEF1F561E5F3D23009D49B4 /* Products */,
			);
			sourceTree = "<group>";
		};
		DEEF1F561E5F3D23009D49B4 /* Products */ = {
			isa = PBXGroup;
			children = (
				DEEF1F551E5F3D23009D49B4 /* RESTfull_Example.app */,
				DEEF1F691E5F3D23009D49B4 /* RESTfull_ExampleTests.xctest */,
				DEEF1F741E5F3D23009D49B4 /* RESTfull_ExampleUITests.xctest */,
			);
			name = Products;
			sourceTree = "<group>";
		};
		DEEF1F571E5F3D23009D49B4 /* RESTfull_Example */ = {
			isa = PBXGroup;
			children = (
				DEF30FBB1E97C7C90089911D /* Main.storyboard */,
				DED5B1831E796E67006296EF /* Session */,
				DE7D5FD51E65B72800EBFEB7 /* Helper */,
				DEF2245D1E65841100FB01AB /* test.m */,
				DEF224511E643D4400FB01AB /* Frameworks */,
				DE1CCAD41E816443008CA0DB /* Controller */,
				DEF224301E6069F100FB01AB /* View */,
				DEF2242F1E6069E900FB01AB /* API */,
				DEEF1F581E5F3D23009D49B4 /* AppDelegate.swift */,
				DEEF1F861E5F3E63009D49B4 /* Other */,
				DEF2245F1E658F4600FB01AB /* BridgingHeader-RESTfull_Example.h */,
			);
			path = RESTfull_Example;
			sourceTree = "<group>";
		};
		DEEF1F6C1E5F3D23009D49B4 /* RESTfull_ExampleTests */ = {
			isa = PBXGroup;
			children = (
				DEEF1F6D1E5F3D23009D49B4 /* RESTfull_ExampleTests.swift */,
				DEEF1F6F1E5F3D23009D49B4 /* Info.plist */,
			);
			path = RESTfull_ExampleTests;
			sourceTree = "<group>";
		};
		DEEF1F771E5F3D23009D49B4 /* RESTfull_ExampleUITests */ = {
			isa = PBXGroup;
			children = (
				DEEF1F781E5F3D23009D49B4 /* RESTfull_ExampleUITests.swift */,
				DEEF1F7A1E5F3D23009D49B4 /* Info.plist */,
			);
			path = RESTfull_ExampleUITests;
			sourceTree = "<group>";
		};
		DEEF1F861E5F3E63009D49B4 /* Other */ = {
			isa = PBXGroup;
			children = (
				DEEF1F5F1E5F3D23009D49B4 /* Assets.xcassets */,
				DEEF1F611E5F3D23009D49B4 /* LaunchScreen.storyboard */,
				DEEF1F641E5F3D23009D49B4 /* Info.plist */,
			);
			name = Other;
			sourceTree = "<group>";
		};
		DEF2242F1E6069E900FB01AB /* API */ = {
			isa = PBXGroup;
			children = (
				DE7D5FDE1E6873A400EBFEB7 /* FlickrRestFullBaseAPIManager.swift */,
				DEC24E701E7F35B300A9A2C3 /* FlickrLoggingTestAPI */,
				DEC24E661E7BE61200A9A2C3 /* FlickImageAPI */,
				DEE50D301E705DCF00A64C9B /* FlickrOauthAPI */,
			);
			name = API;
			sourceTree = "<group>";
		};
		DEF224301E6069F100FB01AB /* View */ = {
			isa = PBXGroup;
			children = (
			);
			name = View;
			sourceTree = "<group>";
		};
		DEF224511E643D4400FB01AB /* Frameworks */ = {
			isa = PBXGroup;
			children = (
			);
			name = Frameworks;
			sourceTree = "<group>";
		};
/* End PBXGroup section */

/* Begin PBXNativeTarget section */
		DEEF1F541E5F3D23009D49B4 /* RESTfull_Example */ = {
			isa = PBXNativeTarget;
			buildConfigurationList = DEEF1F7D1E5F3D23009D49B4 /* Build configuration list for PBXNativeTarget "RESTfull_Example" */;
			buildPhases = (
				DEEF1F511E5F3D23009D49B4 /* Sources */,
				DEEF1F521E5F3D23009D49B4 /* Frameworks */,
				DEEF1F531E5F3D23009D49B4 /* Resources */,
				DEF224551E643F7A00FB01AB /* Embed Frameworks */,
			);
			buildRules = (
			);
			dependencies = (
			);
			name = RESTfull_Example;
			productName = RESTfull_Example;
			productReference = DEEF1F551E5F3D23009D49B4 /* RESTfull_Example.app */;
			productType = "com.apple.product-type.application";
		};
		DEEF1F681E5F3D23009D49B4 /* RESTfull_ExampleTests */ = {
			isa = PBXNativeTarget;
			buildConfigurationList = DEEF1F801E5F3D23009D49B4 /* Build configuration list for PBXNativeTarget "RESTfull_ExampleTests" */;
			buildPhases = (
				DEEF1F651E5F3D23009D49B4 /* Sources */,
				DEEF1F661E5F3D23009D49B4 /* Frameworks */,
				DEEF1F671E5F3D23009D49B4 /* Resources */,
			);
			buildRules = (
			);
			dependencies = (
				DEEF1F6B1E5F3D23009D49B4 /* PBXTargetDependency */,
			);
			name = RESTfull_ExampleTests;
			productName = RESTfull_ExampleTests;
			productReference = DEEF1F691E5F3D23009D49B4 /* RESTfull_ExampleTests.xctest */;
			productType = "com.apple.product-type.bundle.unit-test";
		};
		DEEF1F731E5F3D23009D49B4 /* RESTfull_ExampleUITests */ = {
			isa = PBXNativeTarget;
			buildConfigurationList = DEEF1F831E5F3D23009D49B4 /* Build configuration list for PBXNativeTarget "RESTfull_ExampleUITests" */;
			buildPhases = (
				DEEF1F701E5F3D23009D49B4 /* Sources */,
				DEEF1F711E5F3D23009D49B4 /* Frameworks */,
				DEEF1F721E5F3D23009D49B4 /* Resources */,
			);
			buildRules = (
			);
			dependencies = (
				DEEF1F761E5F3D23009D49B4 /* PBXTargetDependency */,
			);
			name = RESTfull_ExampleUITests;
			productName = RESTfull_ExampleUITests;
			productReference = DEEF1F741E5F3D23009D49B4 /* RESTfull_ExampleUITests.xctest */;
			productType = "com.apple.product-type.bundle.ui-testing";
		};
/* End PBXNativeTarget section */

/* Begin PBXProject section */
		DEEF1F4D1E5F3D23009D49B4 /* Project object */ = {
			isa = PBXProject;
			attributes = {
				LastSwiftUpdateCheck = 0820;
				LastUpgradeCheck = 0820;
				ORGANIZATIONNAME = "Stefan Miskovic";
				TargetAttributes = {
					DEEF1F541E5F3D23009D49B4 = {
						CreatedOnToolsVersion = 8.2;
						LastSwiftMigration = 0820;
						ProvisioningStyle = Automatic;
					};
					DEEF1F681E5F3D23009D49B4 = {
						CreatedOnToolsVersion = 8.2;
						ProvisioningStyle = Automatic;
						TestTargetID = DEEF1F541E5F3D23009D49B4;
					};
					DEEF1F731E5F3D23009D49B4 = {
						CreatedOnToolsVersion = 8.2;
						ProvisioningStyle = Automatic;
						TestTargetID = DEEF1F541E5F3D23009D49B4;
					};
				};
			};
			buildConfigurationList = DEEF1F501E5F3D23009D49B4 /* Build configuration list for PBXProject "RESTfull_Example" */;
			compatibilityVersion = "Xcode 8.0";
			developmentRegion = English;
			hasScannedForEncodings = 0;
			knownRegions = (
				en,
				Base,
			);
			mainGroup = DEEF1F4C1E5F3D23009D49B4;
			productRefGroup = DEEF1F561E5F3D23009D49B4 /* Products */;
			projectDirPath = "";
			projectRoot = "";
			targets = (
				DEEF1F541E5F3D23009D49B4 /* RESTfull_Example */,
				DEEF1F681E5F3D23009D49B4 /* RESTfull_ExampleTests */,
				DEEF1F731E5F3D23009D49B4 /* RESTfull_ExampleUITests */,
			);
		};
/* End PBXProject section */

/* Begin PBXResourcesBuildPhase section */
		DEEF1F531E5F3D23009D49B4 /* Resources */ = {
			isa = PBXResourcesBuildPhase;
			buildActionMask = 2147483647;
			files = (
				DEF30FBD1E97C7C90089911D /* Main.storyboard in Resources */,
				DEEF1F631E5F3D23009D49B4 /* LaunchScreen.storyboard in Resources */,
				DEEF1F601E5F3D23009D49B4 /* Assets.xcassets in Resources */,
			);
			runOnlyForDeploymentPostprocessing = 0;
		};
		DEEF1F671E5F3D23009D49B4 /* Resources */ = {
			isa = PBXResourcesBuildPhase;
			buildActionMask = 2147483647;
			files = (
			);
			runOnlyForDeploymentPostprocessing = 0;
		};
		DEEF1F721E5F3D23009D49B4 /* Resources */ = {
			isa = PBXResourcesBuildPhase;
			buildActionMask = 2147483647;
			files = (
			);
			runOnlyForDeploymentPostprocessing = 0;
		};
/* End PBXResourcesBuildPhase section */

/* Begin PBXSourcesBuildPhase section */
		DEEF1F511E5F3D23009D49B4 /* Sources */ = {
			isa = PBXSourcesBuildPhase;
			buildActionMask = 2147483647;
			files = (
				DEA0619B1E8D0CB80019470A /* FlickrTablePhotoSelectViewProtocol.swift in Sources */,
				DE7D5FDD1E66C5B400EBFEB7 /* flickrRestFullAPI.swift in Sources */,
				DEA061A61E8D10120019470A /* TablePhotoBikeStateManager.swift in Sources */,
				DEF2245E1E65841100FB01AB /* test.m in Sources */,
				DEE919E11E7AA35000CC741A /* FlickrPhotoViewController.swift in Sources */,
				DEEF1F5B1E5F3D23009D49B4 /* FlickrMainView.swift in Sources */,
				DEA061A81E8D10400019470A /* TablePhotoBaseStateManager.swift in Sources */,
				DE7D5FDB1E6624D500EBFEB7 /* FlickrHmacMethodes.swift in Sources */,
				DE1CCAE01E81678E008CA0DB /* FlickrPhotoSelectViewController.swift in Sources */,
				DEA061AA1E8D114D0019470A /* FlickrTablePhotoSelectViewStateManagerProtocol.swift in Sources */,
				DEE53C4B1E8AB467004F044E /* FlickrTablePhotoSelectViewCell.swift in Sources */,
				DEC24E6F1E7BE63600A9A2C3 /* FlickrImageAPI.swift in Sources */,
				DEFDF3511E92586B002EB178 /* FlickrPhotoSelectViewReturnProtocol.swift in Sources */,
				DEE53C461E852117004F044E /* flickrPhotoLoadingSpinner.swift in Sources */,
				DED5B1851E796EAB006296EF /* FlickrSessionAuthorization.swift in Sources */,
				DEE50D2F1E6EF7FE00A64C9B /* FlickrHelperTypeAlias.swift in Sources */,
				DEA0619F1E8D0F480019470A /* TablePhotoCarStateManager.swift in Sources */,
				DEA061A41E8D0FE80019470A /* TablePhotoPlaneStateManager.swift in Sources */,
				DED5B17B1E78313A006296EF /* FlickrUserAuthenticationView.swift in Sources */,
				DE7D5FD71E65B74000EBFEB7 /* FlickrHelperMethodes.swift in Sources */,
				DEEDA6361E8D1E3F003D5933 /* FlickrTablePhotoSelectViewController.swift in Sources */,
				DE7D5FDF1E6873A400EBFEB7 /* FlickrRestFullBaseAPIManager.swift in Sources */,
				DE7D5FD91E65B84D00EBFEB7 /* FlickrConstants.swift in Sources */,
				DEC24E721E7F35D700A9A2C3 /* FlickrLoggingTestAPI.swift in Sources */,
				DEE50D261E6EF71F00A64C9B /* FlickrHelperStructures.swift in Sources */,
				DEEF1F591E5F3D23009D49B4 /* AppDelegate.swift in Sources */,
			);
			runOnlyForDeploymentPostprocessing = 0;
		};
		DEEF1F651E5F3D23009D49B4 /* Sources */ = {
			isa = PBXSourcesBuildPhase;
			buildActionMask = 2147483647;
			files = (
				DEEF1F6E1E5F3D23009D49B4 /* RESTfull_ExampleTests.swift in Sources */,
			);
			runOnlyForDeploymentPostprocessing = 0;
		};
		DEEF1F701E5F3D23009D49B4 /* Sources */ = {
			isa = PBXSourcesBuildPhase;
			buildActionMask = 2147483647;
			files = (
				DEEF1F791E5F3D23009D49B4 /* RESTfull_ExampleUITests.swift in Sources */,
			);
			runOnlyForDeploymentPostprocessing = 0;
		};
/* End PBXSourcesBuildPhase section */

/* Begin PBXTargetDependency section */
		DEEF1F6B1E5F3D23009D49B4 /* PBXTargetDependency */ = {
			isa = PBXTargetDependency;
			target = DEEF1F541E5F3D23009D49B4 /* RESTfull_Example */;
			targetProxy = DEEF1F6A1E5F3D23009D49B4 /* PBXContainerItemProxy */;
		};
		DEEF1F761E5F3D23009D49B4 /* PBXTargetDependency */ = {
			isa = PBXTargetDependency;
			target = DEEF1F541E5F3D23009D49B4 /* RESTfull_Example */;
			targetProxy = DEEF1F751E5F3D23009D49B4 /* PBXContainerItemProxy */;
		};
/* End PBXTargetDependency section */

/* Begin PBXVariantGroup section */
		DEEF1F611E5F3D23009D49B4 /* LaunchScreen.storyboard */ = {
			isa = PBXVariantGroup;
			children = (
				DEEF1F621E5F3D23009D49B4 /* Base */,
			);
			name = LaunchScreen.storyboard;
			sourceTree = "<group>";
		};
		DEF30FBB1E97C7C90089911D /* Main.storyboard */ = {
			isa = PBXVariantGroup;
			children = (
				DEF30FBC1E97C7C90089911D /* Base */,
			);
			name = Main.storyboard;
			sourceTree = "<group>";
		};
/* End PBXVariantGroup section */

/* Begin XCBuildConfiguration section */
		DEEF1F7B1E5F3D23009D49B4 /* Debug */ = {
			isa = XCBuildConfiguration;
			buildSettings = {
				ALWAYS_SEARCH_USER_PATHS = NO;
				CLANG_ANALYZER_NONNULL = YES;
				CLANG_CXX_LANGUAGE_STANDARD = "gnu++0x";
				CLANG_CXX_LIBRARY = "libc++";
				CLANG_ENABLE_MODULES = YES;
				CLANG_ENABLE_OBJC_ARC = YES;
				CLANG_WARN_BOOL_CONVERSION = YES;
				CLANG_WARN_CONSTANT_CONVERSION = YES;
				CLANG_WARN_DIRECT_OBJC_ISA_USAGE = YES_ERROR;
				CLANG_WARN_DOCUMENTATION_COMMENTS = YES;
				CLANG_WARN_EMPTY_BODY = YES;
				CLANG_WARN_ENUM_CONVERSION = YES;
				CLANG_WARN_INFINITE_RECURSION = YES;
				CLANG_WARN_INT_CONVERSION = YES;
				CLANG_WARN_OBJC_ROOT_CLASS = YES_ERROR;
				CLANG_WARN_SUSPICIOUS_MOVE = YES;
				CLANG_WARN_UNREACHABLE_CODE = YES;
				CLANG_WARN__DUPLICATE_METHOD_MATCH = YES;
				"CODE_SIGN_IDENTITY[sdk=iphoneos*]" = "iPhone Developer";
				COPY_PHASE_STRIP = NO;
				DEBUG_INFORMATION_FORMAT = dwarf;
				ENABLE_STRICT_OBJC_MSGSEND = YES;
				ENABLE_TESTABILITY = YES;
				GCC_C_LANGUAGE_STANDARD = gnu99;
				GCC_DYNAMIC_NO_PIC = NO;
				GCC_NO_COMMON_BLOCKS = YES;
				GCC_OPTIMIZATION_LEVEL = 0;
				GCC_PREPROCESSOR_DEFINITIONS = (
					"DEBUG=1",
					"$(inherited)",
				);
				GCC_WARN_64_TO_32_BIT_CONVERSION = YES;
				GCC_WARN_ABOUT_RETURN_TYPE = YES_ERROR;
				GCC_WARN_UNDECLARED_SELECTOR = YES;
				GCC_WARN_UNINITIALIZED_AUTOS = YES_AGGRESSIVE;
				GCC_WARN_UNUSED_FUNCTION = YES;
				GCC_WARN_UNUSED_VARIABLE = YES;
				IPHONEOS_DEPLOYMENT_TARGET = 10.2;
				MTL_ENABLE_DEBUG_INFO = YES;
				ONLY_ACTIVE_ARCH = YES;
				SDKROOT = iphoneos;
				SWIFT_ACTIVE_COMPILATION_CONDITIONS = DEBUG;
				SWIFT_OBJC_BRIDGING_HEADER = "/Users/stefanmiskovic/workarea/RESTfull_Example/RESTfull_Example/BridgingHeader-RESTfull_Example.h";
				SWIFT_OPTIMIZATION_LEVEL = "-Onone";
				TARGETED_DEVICE_FAMILY = "1,2";
			};
			name = Debug;
		};
		DEEF1F7C1E5F3D23009D49B4 /* Release */ = {
			isa = XCBuildConfiguration;
			buildSettings = {
				ALWAYS_SEARCH_USER_PATHS = NO;
				CLANG_ANALYZER_NONNULL = YES;
				CLANG_CXX_LANGUAGE_STANDARD = "gnu++0x";
				CLANG_CXX_LIBRARY = "libc++";
				CLANG_ENABLE_MODULES = YES;
				CLANG_ENABLE_OBJC_ARC = YES;
				CLANG_WARN_BOOL_CONVERSION = YES;
				CLANG_WARN_CONSTANT_CONVERSION = YES;
				CLANG_WARN_DIRECT_OBJC_ISA_USAGE = YES_ERROR;
				CLANG_WARN_DOCUMENTATION_COMMENTS = YES;
				CLANG_WARN_EMPTY_BODY = YES;
				CLANG_WARN_ENUM_CONVERSION = YES;
				CLANG_WARN_INFINITE_RECURSION = YES;
				CLANG_WARN_INT_CONVERSION = YES;
				CLANG_WARN_OBJC_ROOT_CLASS = YES_ERROR;
				CLANG_WARN_SUSPICIOUS_MOVE = YES;
				CLANG_WARN_UNREACHABLE_CODE = YES;
				CLANG_WARN__DUPLICATE_METHOD_MATCH = YES;
				"CODE_SIGN_IDENTITY[sdk=iphoneos*]" = "iPhone Developer";
				COPY_PHASE_STRIP = NO;
				DEBUG_INFORMATION_FORMAT = "dwarf-with-dsym";
				ENABLE_NS_ASSERTIONS = NO;
				ENABLE_STRICT_OBJC_MSGSEND = YES;
				GCC_C_LANGUAGE_STANDARD = gnu99;
				GCC_NO_COMMON_BLOCKS = YES;
				GCC_WARN_64_TO_32_BIT_CONVERSION = YES;
				GCC_WARN_ABOUT_RETURN_TYPE = YES_ERROR;
				GCC_WARN_UNDECLARED_SELECTOR = YES;
				GCC_WARN_UNINITIALIZED_AUTOS = YES_AGGRESSIVE;
				GCC_WARN_UNUSED_FUNCTION = YES;
				GCC_WARN_UNUSED_VARIABLE = YES;
				IPHONEOS_DEPLOYMENT_TARGET = 10.2;
				MTL_ENABLE_DEBUG_INFO = NO;
				SDKROOT = iphoneos;
				SWIFT_OBJC_BRIDGING_HEADER = "/Users/stefanmiskovic/workarea/RESTfull_Example/RESTfull_Example/BridgingHeader-RESTfull_Example.h";
				SWIFT_OPTIMIZATION_LEVEL = "-Owholemodule";
				TARGETED_DEVICE_FAMILY = "1,2";
				VALIDATE_PRODUCT = YES;
			};
			name = Release;
		};
		DEEF1F7E1E5F3D23009D49B4 /* Debug */ = {
			isa = XCBuildConfiguration;
			buildSettings = {
				ASSETCATALOG_COMPILER_APPICON_NAME = AppIcon;
				CLANG_ENABLE_MODULES = YES;
				INFOPLIST_FILE = RESTfull_Example/Info.plist;
				LD_RUNPATH_SEARCH_PATHS = "$(inherited) @executable_path/Frameworks";
				PRODUCT_BUNDLE_IDENTIFIER = "RBT.RESTfull-Example";
				PRODUCT_NAME = "$(TARGET_NAME)";
				SWIFT_OBJC_BRIDGING_HEADER = "/Users/stefanmiskovic/workarea/RESTfull_Example/RESTfull_Example/BridgingHeader-RESTfull_Example.h";
				SWIFT_OPTIMIZATION_LEVEL = "-Onone";
				SWIFT_VERSION = 3.0;
			};
			name = Debug;
		};
		DEEF1F7F1E5F3D23009D49B4 /* Release */ = {
			isa = XCBuildConfiguration;
			buildSettings = {
				ASSETCATALOG_COMPILER_APPICON_NAME = AppIcon;
				CLANG_ENABLE_MODULES = YES;
				INFOPLIST_FILE = RESTfull_Example/Info.plist;
				LD_RUNPATH_SEARCH_PATHS = "$(inherited) @executable_path/Frameworks";
				PRODUCT_BUNDLE_IDENTIFIER = "RBT.RESTfull-Example";
				PRODUCT_NAME = "$(TARGET_NAME)";
				SWIFT_OBJC_BRIDGING_HEADER = "/Users/stefanmiskovic/workarea/RESTfull_Example/RESTfull_Example/BridgingHeader-RESTfull_Example.h";
				SWIFT_VERSION = 3.0;
			};
			name = Release;
		};
		DEEF1F811E5F3D23009D49B4 /* Debug */ = {
			isa = XCBuildConfiguration;
			buildSettings = {
				ALWAYS_EMBED_SWIFT_STANDARD_LIBRARIES = YES;
				BUNDLE_LOADER = "$(TEST_HOST)";
				INFOPLIST_FILE = RESTfull_ExampleTests/Info.plist;
				LD_RUNPATH_SEARCH_PATHS = "$(inherited) @executable_path/Frameworks @loader_path/Frameworks";
				PRODUCT_BUNDLE_IDENTIFIER = "RBT.RESTfull-ExampleTests";
				PRODUCT_NAME = "$(TARGET_NAME)";
				SWIFT_VERSION = 3.0;
				TEST_HOST = "$(BUILT_PRODUCTS_DIR)/RESTfull_Example.app/RESTfull_Example";
			};
			name = Debug;
		};
		DEEF1F821E5F3D23009D49B4 /* Release */ = {
			isa = XCBuildConfiguration;
			buildSettings = {
				ALWAYS_EMBED_SWIFT_STANDARD_LIBRARIES = YES;
				BUNDLE_LOADER = "$(TEST_HOST)";
				INFOPLIST_FILE = RESTfull_ExampleTests/Info.plist;
				LD_RUNPATH_SEARCH_PATHS = "$(inherited) @executable_path/Frameworks @loader_path/Frameworks";
				PRODUCT_BUNDLE_IDENTIFIER = "RBT.RESTfull-ExampleTests";
				PRODUCT_NAME = "$(TARGET_NAME)";
				SWIFT_VERSION = 3.0;
				TEST_HOST = "$(BUILT_PRODUCTS_DIR)/RESTfull_Example.app/RESTfull_Example";
			};
			name = Release;
		};
		DEEF1F841E5F3D23009D49B4 /* Debug */ = {
			isa = XCBuildConfiguration;
			buildSettings = {
				ALWAYS_EMBED_SWIFT_STANDARD_LIBRARIES = YES;
				INFOPLIST_FILE = RESTfull_ExampleUITests/Info.plist;
				LD_RUNPATH_SEARCH_PATHS = "$(inherited) @executable_path/Frameworks @loader_path/Frameworks";
				PRODUCT_BUNDLE_IDENTIFIER = "RBT.RESTfull-ExampleUITests";
				PRODUCT_NAME = "$(TARGET_NAME)";
				SWIFT_VERSION = 3.0;
				TEST_TARGET_NAME = RESTfull_Example;
			};
			name = Debug;
		};
		DEEF1F851E5F3D23009D49B4 /* Release */ = {
			isa = XCBuildConfiguration;
			buildSettings = {
				ALWAYS_EMBED_SWIFT_STANDARD_LIBRARIES = YES;
				INFOPLIST_FILE = RESTfull_ExampleUITests/Info.plist;
				LD_RUNPATH_SEARCH_PATHS = "$(inherited) @executable_path/Frameworks @loader_path/Frameworks";
				PRODUCT_BUNDLE_IDENTIFIER = "RBT.RESTfull-ExampleUITests";
				PRODUCT_NAME = "$(TARGET_NAME)";
				SWIFT_VERSION = 3.0;
				TEST_TARGET_NAME = RESTfull_Example;
			};
			name = Release;
		};
/* End XCBuildConfiguration section */

/* Begin XCConfigurationList section */
		DEEF1F501E5F3D23009D49B4 /* Build configuration list for PBXProject "RESTfull_Example" */ = {
			isa = XCConfigurationList;
			buildConfigurations = (
				DEEF1F7B1E5F3D23009D49B4 /* Debug */,
				DEEF1F7C1E5F3D23009D49B4 /* Release */,
			);
			defaultConfigurationIsVisible = 0;
			defaultConfigurationName = Release;
		};
		DEEF1F7D1E5F3D23009D49B4 /* Build configuration list for PBXNativeTarget "RESTfull_Example" */ = {
			isa = XCConfigurationList;
			buildConfigurations = (
				DEEF1F7E1E5F3D23009D49B4 /* Debug */,
				DEEF1F7F1E5F3D23009D49B4 /* Release */,
			);
			defaultConfigurationIsVisible = 0;
			defaultConfigurationName = Release;
		};
		DEEF1F801E5F3D23009D49B4 /* Build configuration list for PBXNativeTarget "RESTfull_ExampleTests" */ = {
			isa = XCConfigurationList;
			buildConfigurations = (
				DEEF1F811E5F3D23009D49B4 /* Debug */,
				DEEF1F821E5F3D23009D49B4 /* Release */,
			);
			defaultConfigurationIsVisible = 0;
			defaultConfigurationName = Release;
		};
		DEEF1F831E5F3D23009D49B4 /* Build configuration list for PBXNativeTarget "RESTfull_ExampleUITests" */ = {
			isa = XCConfigurationList;
			buildConfigurations = (
				DEEF1F841E5F3D23009D49B4 /* Debug */,
				DEEF1F851E5F3D23009D49B4 /* Release */,
			);
			defaultConfigurationIsVisible = 0;
			defaultConfigurationName = Release;
		};
/* End XCConfigurationList section */
	};
	rootObject = DEEF1F4D1E5F3D23009D49B4 /* Project object */;
}
